
Microsoft Visual Studio Solution File, Format Version 12.00
# Visual Studio Version 17
VisualStudioVersion = 17.9.34728.123
MinimumVisualStudioVersion = 10.0.40219.1
Project("{FAE04EC0-301F-11D3-BF4B-00C04F79EFBC}") = "Flappy Bird Windows Form", "Flappy Bird Windows Form\Flappy Bird Windows Form.csproj", "{6D3C23FF-8BF7-4676-AA6B-D77EDB82639C}"
EndProject
Global
	GlobalSection(SolutionConfigurationPlatforms) = preSolution
		Debug|Any CPU = Debug|Any CPU
		Release|Any CPU = Release|Any CPU
	EndGlobalSection
	GlobalSection(ProjectConfigurationPlatforms) = postSolution
		{6D3C23FF-8BF7-4676-AA6B-D77EDB82639C}.Debug|Any CPU.ActiveCfg = Debug|Any CPU
		{6D3C23FF-8BF7-4676-AA6B-D77EDB82639C}.Debug|Any CPU.Build.0 = Debug|Any CPU
		{6D3C23FF-8BF7-4676-AA6B-D77EDB82639C}.Release|Any CPU.ActiveCfg = Release|Any CPU
		{6D3C23FF-8BF7-4676-AA6B-D77EDB82639C}.Release|Any CPU.Build.0 = Release|Any CPU
	EndGlobalSection
	GlobalSection(SolutionProperties) = preSolution
		HideSolutionNode = FALSE
	EndGlobalSection
	GlobalSection(ExtensibilityGlobals) = postSolution
		SolutionGuid = {E0D43904-5B2A-4336-AF50-2BEE6987CF1A}
	EndGlobalSection
EndGlobal
